
Microsoft Visual Studio Solution File, Format Version 12.00
# Visual Studio Version 16
VisualStudioVersion = 16.0.30128.74
MinimumVisualStudioVersion = 10.0.40219.1
Project("{8BC9CEB8-8B4A-11D0-8D11-00A0C91BC942}") = "draw2", "draw2\draw2.vcxproj", "{39B762F6-5C1A-4E22-9029-841C19F12409}"
EndProject
Global
	GlobalSection(SolutionConfigurationPlatforms) = preSolution
		Debug|x64 = Debug|x64
		Debug|x86 = Debug|x86
		Release|x64 = Release|x64
		Release|x86 = Release|x86
	EndGlobalSection
	GlobalSection(ProjectConfigurationPlatforms) = postSolution
		{39B762F6-5C1A-4E22-9029-841C19F12409}.Debug|x64.ActiveCfg = Debug|x64
		{39B762F6-5C1A-4E22-9029-841C19F12409}.Debug|x64.Build.0 = Debug|x64
		{39B762F6-5C1A-4E22-9029-841C19F12409}.Debug|x86.ActiveCfg = Debug|Win32
		{39B762F6-5C1A-4E22-9029-841C19F12409}.Debug|x86.Build.0 = Debug|Win32
		{39B762F6-5C1A-4E22-9029-841C19F12409}.Release|x64.ActiveCfg = Release|x64
		{39B762F6-5C1A-4E22-9029-841C19F12409}.Release|x64.Build.0 = Release|x64
		{39B762F6-5C1A-4E22-9029-841C19F12409}.Release|x86.ActiveCfg = Release|Win32
		{39B762F6-5C1A-4E22-9029-841C19F12409}.Release|x86.Build.0 = Release|Win32
	EndGlobalSection
	GlobalSection(SolutionProperties) = preSolution
		HideSolutionNode = FALSE
	EndGlobalSection
	GlobalSection(ExtensibilityGlobals) = postSolution
		SolutionGuid = {E5448BD0-182E-42C1-810F-AE42D8873CF6}
	EndGlobalSection
EndGlobal
